// !$*UTF8*$!
{
	archiveVersion = 1;
	classes = {
	};
	objectVersion = 46;
	objects = {

/* Begin PBXBuildFile section */
		04270E761D36A4CA00E16250 /* Enemy.swift in Sources */ = {isa = PBXBuildFile; fileRef = 04270E751D36A4CA00E16250 /* Enemy.swift */; };
		044063A21D36BDD900CC6CE3 /* Random.swift in Sources */ = {isa = PBXBuildFile; fileRef = 044063A11D36BDD900CC6CE3 /* Random.swift */; };
		9BC387FD9D99AF0F02DFA778 /* Pods_Ralph.framework in Frameworks */ = {isa = PBXBuildFile; fileRef = B19D9056D6EB9AB85D8C4C08 /* Pods_Ralph.framework */; };
		FA26B8111DBCB86C000B8248 /* GoogleService-Info.plist in Resources */ = {isa = PBXBuildFile; fileRef = FA26B8101DBCB86C000B8248 /* GoogleService-Info.plist */; };
		FA26EC0E1DB6B51500CA44BB /* FoodPath.sks in Resources */ = {isa = PBXBuildFile; fileRef = FA26EC0C1DB6B51500CA44BB /* FoodPath.sks */; };
		FA3B9B701D4920000018FD87 /* Player.swift in Sources */ = {isa = PBXBuildFile; fileRef = FA3B9B6F1D4920000018FD87 /* Player.swift */; };
		FA40516B1DB533ED00CD8F22 /* Bubble.swift in Sources */ = {isa = PBXBuildFile; fileRef = FA40516A1DB533ED00CD8F22 /* Bubble.swift */; };
		FA565E301DC7E21F004F891D /* NewHighscore.sks in Resources */ = {isa = PBXBuildFile; fileRef = FA565E2E1DC7E21F004F891D /* NewHighscore.sks */; };
		FA6A43841DE1CB6E008D6405 /* Life.swift in Sources */ = {isa = PBXBuildFile; fileRef = FA6A43831DE1CB6E008D6405 /* Life.swift */; };
		FA781D681D5A71D100A51D18 /* MyData.plist in Resources */ = {isa = PBXBuildFile; fileRef = FA781D661D5A71D100A51D18 /* MyData.plist */; };
		FA781D691D5A71D100A51D18 /* PlistManager.swift in Sources */ = {isa = PBXBuildFile; fileRef = FA781D671D5A71D100A51D18 /* PlistManager.swift */; };
		FA781D6B1D5BBE7700A51D18 /* Level.swift in Sources */ = {isa = PBXBuildFile; fileRef = FA781D6A1D5BBE7700A51D18 /* Level.swift */; };
		FA81A7BF1D491B58000158B4 /* HUD.swift in Sources */ = {isa = PBXBuildFile; fileRef = FA81A7BE1D491B58000158B4 /* HUD.swift */; };
		FA9B84391D54F32100A9B37F /* CooperHewitt-Heavy.otf in Resources */ = {isa = PBXBuildFile; fileRef = FA9B84381D54F2F100A9B37F /* CooperHewitt-Heavy.otf */; };
		FAAC8CBD1D64FF46007124BD /* HockeySDK.framework in Frameworks */ = {isa = PBXBuildFile; fileRef = FAAC8CBA1D64FF46007124BD /* HockeySDK.framework */; };
		FAAC8CBE1D64FF46007124BD /* HockeySDKResources.bundle in Resources */ = {isa = PBXBuildFile; fileRef = FAAC8CBC1D64FF46007124BD /* HockeySDKResources.bundle */; };
		FAE549251D19D4AA009BAE8C /* AppDelegate.swift in Sources */ = {isa = PBXBuildFile; fileRef = FAE549241D19D4AA009BAE8C /* AppDelegate.swift */; };
		FAE549291D19D4AA009BAE8C /* GameScene.swift in Sources */ = {isa = PBXBuildFile; fileRef = FAE549281D19D4AA009BAE8C /* GameScene.swift */; };
		FAE5492B1D19D4AA009BAE8C /* GameViewController.swift in Sources */ = {isa = PBXBuildFile; fileRef = FAE5492A1D19D4AA009BAE8C /* GameViewController.swift */; };
		FAE5492E1D19D4AA009BAE8C /* Main.storyboard in Resources */ = {isa = PBXBuildFile; fileRef = FAE5492C1D19D4AA009BAE8C /* Main.storyboard */; };
		FAE549301D19D4AA009BAE8C /* Assets.xcassets in Resources */ = {isa = PBXBuildFile; fileRef = FAE5492F1D19D4AA009BAE8C /* Assets.xcassets */; };
		FAE549331D19D4AA009BAE8C /* LaunchScreen.storyboard in Resources */ = {isa = PBXBuildFile; fileRef = FAE549311D19D4AA009BAE8C /* LaunchScreen.storyboard */; };
		FAE5493B1D19D514009BAE8C /* sprites.atlas in Resources */ = {isa = PBXBuildFile; fileRef = FAE5493A1D19D514009BAE8C /* sprites.atlas */; };
/* End PBXBuildFile section */

/* Begin PBXFileReference section */
		04270E751D36A4CA00E16250 /* Enemy.swift */ = {isa = PBXFileReference; fileEncoding = 4; lastKnownFileType = sourcecode.swift; path = Enemy.swift; sourceTree = "<group>"; };
		044063A11D36BDD900CC6CE3 /* Random.swift */ = {isa = PBXFileReference; fileEncoding = 4; lastKnownFileType = sourcecode.swift; path = Random.swift; sourceTree = "<group>"; };
		2DA9302E64C222E6BDB105B5 /* Pods-Ralph.release.xcconfig */ = {isa = PBXFileReference; includeInIndex = 1; lastKnownFileType = text.xcconfig; name = "Pods-Ralph.release.xcconfig"; path = "Pods/Target Support Files/Pods-Ralph/Pods-Ralph.release.xcconfig"; sourceTree = "<group>"; };
		B19D9056D6EB9AB85D8C4C08 /* Pods_Ralph.framework */ = {isa = PBXFileReference; explicitFileType = wrapper.framework; includeInIndex = 0; path = Pods_Ralph.framework; sourceTree = BUILT_PRODUCTS_DIR; };
		DD8DD3C283BF13F334E640BF /* Pods-Ralph.debug.xcconfig */ = {isa = PBXFileReference; includeInIndex = 1; lastKnownFileType = text.xcconfig; name = "Pods-Ralph.debug.xcconfig"; path = "Pods/Target Support Files/Pods-Ralph/Pods-Ralph.debug.xcconfig"; sourceTree = "<group>"; };
		FA26B8101DBCB86C000B8248 /* GoogleService-Info.plist */ = {isa = PBXFileReference; fileEncoding = 4; lastKnownFileType = text.plist.xml; path = "GoogleService-Info.plist"; sourceTree = "<group>"; };
		FA26EC0C1DB6B51500CA44BB /* FoodPath.sks */ = {isa = PBXFileReference; lastKnownFileType = file.sks; path = FoodPath.sks; sourceTree = "<group>"; };
		FA3B9B6F1D4920000018FD87 /* Player.swift */ = {isa = PBXFileReference; fileEncoding = 4; lastKnownFileType = sourcecode.swift; path = Player.swift; sourceTree = "<group>"; };
		FA40516A1DB533ED00CD8F22 /* Bubble.swift */ = {isa = PBXFileReference; fileEncoding = 4; lastKnownFileType = sourcecode.swift; path = Bubble.swift; sourceTree = "<group>"; };
		FA565E2E1DC7E21F004F891D /* NewHighscore.sks */ = {isa = PBXFileReference; lastKnownFileType = file.sks; path = NewHighscore.sks; sourceTree = "<group>"; };
		FA6A43831DE1CB6E008D6405 /* Life.swift */ = {isa = PBXFileReference; fileEncoding = 4; lastKnownFileType = sourcecode.swift; path = Life.swift; sourceTree = "<group>"; };
		FA781D661D5A71D100A51D18 /* MyData.plist */ = {isa = PBXFileReference; fileEncoding = 4; lastKnownFileType = text.plist.xml; path = MyData.plist; sourceTree = "<group>"; };
		FA781D671D5A71D100A51D18 /* PlistManager.swift */ = {isa = PBXFileReference; fileEncoding = 4; lastKnownFileType = sourcecode.swift; path = PlistManager.swift; sourceTree = "<group>"; };
		FA781D6A1D5BBE7700A51D18 /* Level.swift */ = {isa = PBXFileReference; fileEncoding = 4; lastKnownFileType = sourcecode.swift; path = Level.swift; sourceTree = "<group>"; };
		FA81A7BE1D491B58000158B4 /* HUD.swift */ = {isa = PBXFileReference; fileEncoding = 4; lastKnownFileType = sourcecode.swift; path = HUD.swift; sourceTree = "<group>"; };
		FA9B84381D54F2F100A9B37F /* CooperHewitt-Heavy.otf */ = {isa = PBXFileReference; lastKnownFileType = file; path = "CooperHewitt-Heavy.otf"; sourceTree = "<group>"; };
		FAAC8CBA1D64FF46007124BD /* HockeySDK.framework */ = {isa = PBXFileReference; lastKnownFileType = wrapper.framework; path = HockeySDK.framework; sourceTree = "<group>"; };
		FAAC8CBC1D64FF46007124BD /* HockeySDKResources.bundle */ = {isa = PBXFileReference; lastKnownFileType = "wrapper.plug-in"; path = HockeySDKResources.bundle; sourceTree = "<group>"; };
		FAE549211D19D4AA009BAE8C /* Ralph.app */ = {isa = PBXFileReference; explicitFileType = wrapper.application; includeInIndex = 0; path = Ralph.app; sourceTree = BUILT_PRODUCTS_DIR; };
		FAE549241D19D4AA009BAE8C /* AppDelegate.swift */ = {isa = PBXFileReference; lastKnownFileType = sourcecode.swift; path = AppDelegate.swift; sourceTree = "<group>"; };
		FAE549281D19D4AA009BAE8C /* GameScene.swift */ = {isa = PBXFileReference; lastKnownFileType = sourcecode.swift; path = GameScene.swift; sourceTree = "<group>"; };
		FAE5492A1D19D4AA009BAE8C /* GameViewController.swift */ = {isa = PBXFileReference; lastKnownFileType = sourcecode.swift; path = GameViewController.swift; sourceTree = "<group>"; };
		FAE5492D1D19D4AA009BAE8C /* Base */ = {isa = PBXFileReference; lastKnownFileType = file.storyboard; name = Base; path = Base.lproj/Main.storyboard; sourceTree = "<group>"; };
		FAE5492F1D19D4AA009BAE8C /* Assets.xcassets */ = {isa = PBXFileReference; lastKnownFileType = folder.assetcatalog; path = Assets.xcassets; sourceTree = "<group>"; };
		FAE549321D19D4AA009BAE8C /* Base */ = {isa = PBXFileReference; lastKnownFileType = file.storyboard; name = Base; path = Base.lproj/LaunchScreen.storyboard; sourceTree = "<group>"; };
		FAE549341D19D4AA009BAE8C /* Info.plist */ = {isa = PBXFileReference; lastKnownFileType = text.plist.xml; path = Info.plist; sourceTree = "<group>"; };
		FAE5493A1D19D514009BAE8C /* sprites.atlas */ = {isa = PBXFileReference; lastKnownFileType = folder.skatlas; path = sprites.atlas; sourceTree = "<group>"; };
/* End PBXFileReference section */

/* Begin PBXFrameworksBuildPhase section */
		FAE5491E1D19D4AA009BAE8C /* Frameworks */ = {
			isa = PBXFrameworksBuildPhase;
			buildActionMask = 2147483647;
			files = (
				FAAC8CBD1D64FF46007124BD /* HockeySDK.framework in Frameworks */,
				9BC387FD9D99AF0F02DFA778 /* Pods_Ralph.framework in Frameworks */,
			);
			runOnlyForDeploymentPostprocessing = 0;
		};
/* End PBXFrameworksBuildPhase section */

/* Begin PBXGroup section */
		6D7974A5B2F90E9642C0C934 /* Frameworks */ = {
			isa = PBXGroup;
			children = (
				B19D9056D6EB9AB85D8C4C08 /* Pods_Ralph.framework */,
			);
			name = Frameworks;
			sourceTree = "<group>";
		};
		BF836D29EC93F0E3F81BDACE /* Pods */ = {
			isa = PBXGroup;
			children = (
				DD8DD3C283BF13F334E640BF /* Pods-Ralph.debug.xcconfig */,
				2DA9302E64C222E6BDB105B5 /* Pods-Ralph.release.xcconfig */,
			);
			name = Pods;
			sourceTree = "<group>";
		};
		FA9B84371D54F2E400A9B37F /* Ressources */ = {
			isa = PBXGroup;
			children = (
				FA9B84381D54F2F100A9B37F /* CooperHewitt-Heavy.otf */,
			);
			name = Ressources;
			sourceTree = "<group>";
		};
		FAAC8CB61D64FE7C007124BD /* Frameworks */ = {
			isa = PBXGroup;
			children = (
				FAAC8CB91D64FF46007124BD /* HockeySDK.embeddedframework */,
			);
			name = Frameworks;
			sourceTree = "<group>";
		};
		FAAC8CB91D64FF46007124BD /* HockeySDK.embeddedframework */ = {
			isa = PBXGroup;
			children = (
				FAAC8CBA1D64FF46007124BD /* HockeySDK.framework */,
				FAAC8CBB1D64FF46007124BD /* Resources */,
			);
			name = HockeySDK.embeddedframework;
			path = "HockeySDK-iOS/HockeySDK.embeddedframework";
			sourceTree = SOURCE_ROOT;
		};
		FAAC8CBB1D64FF46007124BD /* Resources */ = {
			isa = PBXGroup;
			children = (
				FAAC8CBC1D64FF46007124BD /* HockeySDKResources.bundle */,
			);
			path = Resources;
			sourceTree = "<group>";
		};
		FAE549181D19D4AA009BAE8C = {
			isa = PBXGroup;
			children = (
				FAE549231D19D4AA009BAE8C /* Ralph */,
				FAE549221D19D4AA009BAE8C /* Products */,
				BF836D29EC93F0E3F81BDACE /* Pods */,
				6D7974A5B2F90E9642C0C934 /* Frameworks */,
			);
			sourceTree = "<group>";
		};
		FAE549221D19D4AA009BAE8C /* Products */ = {
			isa = PBXGroup;
			children = (
				FAE549211D19D4AA009BAE8C /* Ralph.app */,
			);
			name = Products;
			sourceTree = "<group>";
		};
		FAE549231D19D4AA009BAE8C /* Ralph */ = {
			isa = PBXGroup;
			children = (
				FAAC8CB61D64FE7C007124BD /* Frameworks */,
				FA9B84371D54F2E400A9B37F /* Ressources */,
				FAE549241D19D4AA009BAE8C /* AppDelegate.swift */,
				FAE5492A1D19D4AA009BAE8C /* GameViewController.swift */,
				FAE549281D19D4AA009BAE8C /* GameScene.swift */,
				04270E751D36A4CA00E16250 /* Enemy.swift */,
				FA40516A1DB533ED00CD8F22 /* Bubble.swift */,
				FA81A7BE1D491B58000158B4 /* HUD.swift */,
				FA6A43831DE1CB6E008D6405 /* Life.swift */,
				FA3B9B6F1D4920000018FD87 /* Player.swift */,
				044063A11D36BDD900CC6CE3 /* Random.swift */,
				FA781D6A1D5BBE7700A51D18 /* Level.swift */,
				FA781D671D5A71D100A51D18 /* PlistManager.swift */,
				FAE5492C1D19D4AA009BAE8C /* Main.storyboard */,
				FAE549311D19D4AA009BAE8C /* LaunchScreen.storyboard */,
				FA26B8101DBCB86C000B8248 /* GoogleService-Info.plist */,
				FAE549341D19D4AA009BAE8C /* Info.plist */,
				FA781D661D5A71D100A51D18 /* MyData.plist */,
				FAE5492F1D19D4AA009BAE8C /* Assets.xcassets */,
				FAE5493A1D19D514009BAE8C /* sprites.atlas */,
				FA26EC0C1DB6B51500CA44BB /* FoodPath.sks */,
				FA565E2E1DC7E21F004F891D /* NewHighscore.sks */,
			);
			name = Ralph;
			path = Spacekitten;
			sourceTree = "<group>";
		};
/* End PBXGroup section */

/* Begin PBXNativeTarget section */
		FAE549201D19D4AA009BAE8C /* Ralph */ = {
			isa = PBXNativeTarget;
			buildConfigurationList = FAE549371D19D4AA009BAE8C /* Build configuration list for PBXNativeTarget "Ralph" */;
			buildPhases = (
				1703DA4FFA770B49E460008D /* [CP] Check Pods Manifest.lock */,
				FAE5491D1D19D4AA009BAE8C /* Sources */,
				FAE5491E1D19D4AA009BAE8C /* Frameworks */,
				FAE5491F1D19D4AA009BAE8C /* Resources */,
				FAAC8CAF1D64FDBF007124BD /* ShellScript */,
				9EDDEC9F6DCF6A4CDC12356D /* [CP] Embed Pods Frameworks */,
				8BD53E1AD73849A97EA63322 /* [CP] Copy Pods Resources */,
			);
			buildRules = (
			);
			dependencies = (
			);
			name = Ralph;
			productName = Spacekitten;
			productReference = FAE549211D19D4AA009BAE8C /* Ralph.app */;
			productType = "com.apple.product-type.application";
		};
/* End PBXNativeTarget section */

/* Begin PBXProject section */
		FAE549191D19D4AA009BAE8C /* Project object */ = {
			isa = PBXProject;
			attributes = {
				LastSwiftUpdateCheck = 0730;
				LastUpgradeCheck = 0800;
				ORGANIZATIONNAME = LonelyGoldfish;
				TargetAttributes = {
					FAE549201D19D4AA009BAE8C = {
						CreatedOnToolsVersion = 7.3.1;
						DevelopmentTeam = 39228KA3RH;
					};
				};
			};
			buildConfigurationList = FAE5491C1D19D4AA009BAE8C /* Build configuration list for PBXProject "Ralph" */;
			compatibilityVersion = "Xcode 3.2";
			developmentRegion = English;
			hasScannedForEncodings = 0;
			knownRegions = (
				en,
				Base,
			);
			mainGroup = FAE549181D19D4AA009BAE8C;
			productRefGroup = FAE549221D19D4AA009BAE8C /* Products */;
			projectDirPath = "";
			projectRoot = "";
			targets = (
				FAE549201D19D4AA009BAE8C /* Ralph */,
			);
		};
/* End PBXProject section */

/* Begin PBXResourcesBuildPhase section */
		FAE5491F1D19D4AA009BAE8C /* Resources */ = {
			isa = PBXResourcesBuildPhase;
			buildActionMask = 2147483647;
			files = (
				FA26EC0E1DB6B51500CA44BB /* FoodPath.sks in Resources */,
				FAE549331D19D4AA009BAE8C /* LaunchScreen.storyboard in Resources */,
				FA26B8111DBCB86C000B8248 /* GoogleService-Info.plist in Resources */,
				FA565E301DC7E21F004F891D /* NewHighscore.sks in Resources */,
				FAE549301D19D4AA009BAE8C /* Assets.xcassets in Resources */,
				FA781D681D5A71D100A51D18 /* MyData.plist in Resources */,
				FAE5493B1D19D514009BAE8C /* sprites.atlas in Resources */,
				FA9B84391D54F32100A9B37F /* CooperHewitt-Heavy.otf in Resources */,
				FAE5492E1D19D4AA009BAE8C /* Main.storyboard in Resources */,
				FAAC8CBE1D64FF46007124BD /* HockeySDKResources.bundle in Resources */,
			);
			runOnlyForDeploymentPostprocessing = 0;
		};
/* End PBXResourcesBuildPhase section */

/* Begin PBXShellScriptBuildPhase section */
		1703DA4FFA770B49E460008D /* [CP] Check Pods Manifest.lock */ = {
			isa = PBXShellScriptBuildPhase;
			buildActionMask = 2147483647;
			files = (
			);
			inputPaths = (
			);
			name = "[CP] Check Pods Manifest.lock";
			outputPaths = (
			);
			runOnlyForDeploymentPostprocessing = 0;
			shellPath = /bin/sh;
			shellScript = "diff \"${PODS_ROOT}/../Podfile.lock\" \"${PODS_ROOT}/Manifest.lock\" > /dev/null\nif [ $? != 0 ] ; then\n    # print error to STDERR\n    echo \"error: The sandbox is not in sync with the Podfile.lock. Run 'pod install' or update your CocoaPods installation.\" >&2\n    exit 1\nfi\n";
			showEnvVarsInLog = 0;
		};
		8BD53E1AD73849A97EA63322 /* [CP] Copy Pods Resources */ = {
			isa = PBXShellScriptBuildPhase;
			buildActionMask = 2147483647;
			files = (
			);
			inputPaths = (
			);
			name = "[CP] Copy Pods Resources";
			outputPaths = (
			);
			runOnlyForDeploymentPostprocessing = 0;
			shellPath = /bin/sh;
			shellScript = "\"${SRCROOT}/Pods/Target Support Files/Pods-Ralph/Pods-Ralph-resources.sh\"\n";
			showEnvVarsInLog = 0;
		};
		9EDDEC9F6DCF6A4CDC12356D /* [CP] Embed Pods Frameworks */ = {
			isa = PBXShellScriptBuildPhase;
			buildActionMask = 2147483647;
			files = (
			);
			inputPaths = (
			);
			name = "[CP] Embed Pods Frameworks";
			outputPaths = (
			);
			runOnlyForDeploymentPostprocessing = 0;
			shellPath = /bin/sh;
			shellScript = "\"${SRCROOT}/Pods/Target Support Files/Pods-Ralph/Pods-Ralph-frameworks.sh\"\n";
			showEnvVarsInLog = 0;
		};
		FAAC8CAF1D64FDBF007124BD /* ShellScript */ = {
			isa = PBXShellScriptBuildPhase;
			buildActionMask = 2147483647;
			files = (
			);
			inputPaths = (
			);
			outputPaths = (
			);
			runOnlyForDeploymentPostprocessing = 0;
			shellPath = /bin/sh;
			shellScript = "FILE=\"${SRCROOT}/HockeySDK-iOS/BuildAgent\"\nif [ -f \"$FILE\" ]; then\n\"$FILE\"\nfi ";
		};
/* End PBXShellScriptBuildPhase section */

/* Begin PBXSourcesBuildPhase section */
		FAE5491D1D19D4AA009BAE8C /* Sources */ = {
			isa = PBXSourcesBuildPhase;
			buildActionMask = 2147483647;
			files = (
				FAE549291D19D4AA009BAE8C /* GameScene.swift in Sources */,
				FA81A7BF1D491B58000158B4 /* HUD.swift in Sources */,
				FAE5492B1D19D4AA009BAE8C /* GameViewController.swift in Sources */,
				FA781D691D5A71D100A51D18 /* PlistManager.swift in Sources */,
				04270E761D36A4CA00E16250 /* Enemy.swift in Sources */,
				FA40516B1DB533ED00CD8F22 /* Bubble.swift in Sources */,
				FAE549251D19D4AA009BAE8C /* AppDelegate.swift in Sources */,
				FA3B9B701D4920000018FD87 /* Player.swift in Sources */,
				FA6A43841DE1CB6E008D6405 /* Life.swift in Sources */,
				FA781D6B1D5BBE7700A51D18 /* Level.swift in Sources */,
				044063A21D36BDD900CC6CE3 /* Random.swift in Sources */,
			);
			runOnlyForDeploymentPostprocessing = 0;
		};
/* End PBXSourcesBuildPhase section */

/* Begin PBXVariantGroup section */
		FAE5492C1D19D4AA009BAE8C /* Main.storyboard */ = {
			isa = PBXVariantGroup;
			children = (
				FAE5492D1D19D4AA009BAE8C /* Base */,
			);
			name = Main.storyboard;
			sourceTree = "<group>";
		};
		FAE549311D19D4AA009BAE8C /* LaunchScreen.storyboard */ = {
			isa = PBXVariantGroup;
			children = (
				FAE549321D19D4AA009BAE8C /* Base */,
			);
			name = LaunchScreen.storyboard;
			sourceTree = "<group>";
		};
/* End PBXVariantGroup section */

/* Begin XCBuildConfiguration section */
		FAE549351D19D4AA009BAE8C /* Debug */ = {
			isa = XCBuildConfiguration;
			buildSettings = {
				ALWAYS_SEARCH_USER_PATHS = NO;
				CLANG_ANALYZER_NONNULL = YES;
				CLANG_CXX_LANGUAGE_STANDARD = "gnu++0x";
				CLANG_CXX_LIBRARY = "libc++";
				CLANG_ENABLE_MODULES = YES;
				CLANG_ENABLE_OBJC_ARC = YES;
				CLANG_WARN_BOOL_CONVERSION = YES;
				CLANG_WARN_CONSTANT_CONVERSION = YES;
				CLANG_WARN_DIRECT_OBJC_ISA_USAGE = YES_ERROR;
				CLANG_WARN_EMPTY_BODY = YES;
				CLANG_WARN_ENUM_CONVERSION = YES;
				CLANG_WARN_INFINITE_RECURSION = YES;
				CLANG_WARN_INT_CONVERSION = YES;
				CLANG_WARN_OBJC_ROOT_CLASS = YES_ERROR;
				CLANG_WARN_SUSPICIOUS_MOVE = YES;
				CLANG_WARN_UNREACHABLE_CODE = YES;
				CLANG_WARN__DUPLICATE_METHOD_MATCH = YES;
				CODE_SIGN_IDENTITY = "iPhone Developer";
				"CODE_SIGN_IDENTITY[sdk=iphoneos*]" = "iPhone Developer";
				COPY_PHASE_STRIP = NO;
				DEBUG_INFORMATION_FORMAT = "dwarf-with-dsym";
				ENABLE_STRICT_OBJC_MSGSEND = YES;
				ENABLE_TESTABILITY = YES;
				GCC_C_LANGUAGE_STANDARD = gnu99;
				GCC_DYNAMIC_NO_PIC = NO;
				GCC_NO_COMMON_BLOCKS = YES;
				GCC_OPTIMIZATION_LEVEL = 0;
				GCC_PREPROCESSOR_DEFINITIONS = (
					"DEBUG=1",
					"$(inherited)",
				);
				GCC_WARN_64_TO_32_BIT_CONVERSION = YES;
				GCC_WARN_ABOUT_RETURN_TYPE = YES_ERROR;
				GCC_WARN_UNDECLARED_SELECTOR = YES;
				GCC_WARN_UNINITIALIZED_AUTOS = YES_AGGRESSIVE;
				GCC_WARN_UNUSED_FUNCTION = YES;
				GCC_WARN_UNUSED_VARIABLE = YES;
				IPHONEOS_DEPLOYMENT_TARGET = 10.0;
				MTL_ENABLE_DEBUG_INFO = YES;
				ONLY_ACTIVE_ARCH = YES;
				PROVISIONING_PROFILE = "";
				SDKROOT = iphoneos;
				SWIFT_OPTIMIZATION_LEVEL = "-Onone";
				SWIFT_VERSION = 2.3;
				TARGETED_DEVICE_FAMILY = "1,2";
			};
			name = Debug;
		};
		FAE549361D19D4AA009BAE8C /* Release */ = {
			isa = XCBuildConfiguration;
			buildSettings = {
				ALWAYS_SEARCH_USER_PATHS = NO;
				CLANG_ANALYZER_NONNULL = YES;
				CLANG_CXX_LANGUAGE_STANDARD = "gnu++0x";
				CLANG_CXX_LIBRARY = "libc++";
				CLANG_ENABLE_MODULES = YES;
				CLANG_ENABLE_OBJC_ARC = YES;
				CLANG_WARN_BOOL_CONVERSION = YES;
				CLANG_WARN_CONSTANT_CONVERSION = YES;
				CLANG_WARN_DIRECT_OBJC_ISA_USAGE = YES_ERROR;
				CLANG_WARN_EMPTY_BODY = YES;
				CLANG_WARN_ENUM_CONVERSION = YES;
				CLANG_WARN_INFINITE_RECURSION = YES;
				CLANG_WARN_INT_CONVERSION = YES;
				CLANG_WARN_OBJC_ROOT_CLASS = YES_ERROR;
				CLANG_WARN_SUSPICIOUS_MOVE = YES;
				CLANG_WARN_UNREACHABLE_CODE = YES;
				CLANG_WARN__DUPLICATE_METHOD_MATCH = YES;
				CODE_SIGN_IDENTITY = "iPhone Developer";
				"CODE_SIGN_IDENTITY[sdk=iphoneos*]" = "iPhone Developer";
				COPY_PHASE_STRIP = NO;
				DEBUG_INFORMATION_FORMAT = "dwarf-with-dsym";
				ENABLE_NS_ASSERTIONS = NO;
				ENABLE_STRICT_OBJC_MSGSEND = YES;
				GCC_C_LANGUAGE_STANDARD = gnu99;
				GCC_NO_COMMON_BLOCKS = YES;
				GCC_WARN_64_TO_32_BIT_CONVERSION = YES;
				GCC_WARN_ABOUT_RETURN_TYPE = YES_ERROR;
				GCC_WARN_UNDECLARED_SELECTOR = YES;
				GCC_WARN_UNINITIALIZED_AUTOS = YES_AGGRESSIVE;
				GCC_WARN_UNUSED_FUNCTION = YES;
				GCC_WARN_UNUSED_VARIABLE = YES;
				IPHONEOS_DEPLOYMENT_TARGET = 10.0;
				MTL_ENABLE_DEBUG_INFO = NO;
				PROVISIONING_PROFILE = "";
				SDKROOT = iphoneos;
				SWIFT_OPTIMIZATION_LEVEL = "-Owholemodule";
				SWIFT_VERSION = 2.3;
				TARGETED_DEVICE_FAMILY = "1,2";
				VALIDATE_PRODUCT = YES;
			};
			name = Release;
		};
		FAE549381D19D4AA009BAE8C /* Debug */ = {
			isa = XCBuildConfiguration;
			baseConfigurationReference = DD8DD3C283BF13F334E640BF /* Pods-Ralph.debug.xcconfig */;
			buildSettings = {
				ASSETCATALOG_COMPILER_APPICON_NAME = AppIcon;
				CODE_SIGN_IDENTITY = "iPhone Distribution: Alexander Hipp (39228KA3RH)";
				"CODE_SIGN_IDENTITY[sdk=iphoneos*]" = "iPhone Developer";
				FRAMEWORK_SEARCH_PATHS = (
					"$(inherited)",
					"$(PROJECT_DIR)/HockeySDK-iOS/HockeySDK.embeddedframework",
				);
				INFOPLIST_FILE = Spacekitten/Info.plist;
				LD_RUNPATH_SEARCH_PATHS = "$(inherited) @executable_path/Frameworks";
				PRODUCT_BUNDLE_IDENTIFIER = com.lonelygoldfish.Ralph;
				PRODUCT_NAME = Ralph;
				PROVISIONING_PROFILE = "";
			};
			name = Debug;
		};
		FAE549391D19D4AA009BAE8C /* Release */ = {
			isa = XCBuildConfiguration;
			baseConfigurationReference = 2DA9302E64C222E6BDB105B5 /* Pods-Ralph.release.xcconfig */;
			buildSettings = {
				ASSETCATALOG_COMPILER_APPICON_NAME = AppIcon;
				CODE_SIGN_IDENTITY = "iPhone Distribution: Alexander Hipp (39228KA3RH)";
				"CODE_SIGN_IDENTITY[sdk=iphoneos*]" = "iPhone Developer";
				FRAMEWORK_SEARCH_PATHS = (
					"$(inherited)",
					"$(PROJECT_DIR)/HockeySDK-iOS/HockeySDK.embeddedframework",
				);
				INFOPLIST_FILE = Spacekitten/Info.plist;
				LD_RUNPATH_SEARCH_PATHS = "$(inherited) @executable_path/Frameworks";
				PRODUCT_BUNDLE_IDENTIFIER = com.lonelygoldfish.Ralph;
				PRODUCT_NAME = Ralph;
				PROVISIONING_PROFILE = "";
			};
			name = Release;
		};
/* End XCBuildConfiguration section */

/* Begin XCConfigurationList section */
		FAE5491C1D19D4AA009BAE8C /* Build configuration list for PBXProject "Ralph" */ = {
			isa = XCConfigurationList;
			buildConfigurations = (
				FAE549351D19D4AA009BAE8C /* Debug */,
				FAE549361D19D4AA009BAE8C /* Release */,
			);
			defaultConfigurationIsVisible = 0;
			defaultConfigurationName = Release;
		};
		FAE549371D19D4AA009BAE8C /* Build configuration list for PBXNativeTarget "Ralph" */ = {
			isa = XCConfigurationList;
			buildConfigurations = (
				FAE549381D19D4AA009BAE8C /* Debug */,
				FAE549391D19D4AA009BAE8C /* Release */,
			);
			defaultConfigurationIsVisible = 0;
			defaultConfigurationName = Release;
		};
/* End XCConfigurationList section */
	};
	rootObject = FAE549191D19D4AA009BAE8C /* Project object */;
}
